// !$*UTF8*$!
{
	archiveVersion = 1;
	classes = {
	};
	objectVersion = 60;
	objects = {

/* Begin PBXBuildFile section */
		1101FC7E2C6279BE0021C07E /* Symbols.swift in Sources */ = {isa = PBXBuildFile; fileRef = 1101FC7D2C6279BE0021C07E /* Symbols.swift */; };
		1101FC802C639F230021C07E /* symbols.txt in Resources */ = {isa = PBXBuildFile; fileRef = 1101FC7F2C639F230021C07E /* symbols.txt */; };
		1101FC882C63D7820021C07E /* CalendarDayView.swift in Sources */ = {isa = PBXBuildFile; fileRef = 1101FC872C63D7820021C07E /* CalendarDayView.swift */; };
		1101FC8A2C63D89E0021C07E /* CalendarView.swift in Sources */ = {isa = PBXBuildFile; fileRef = 1101FC892C63D89E0021C07E /* CalendarView.swift */; };
		1101FC8C2C67D6C30021C07E /* DetailView.swift in Sources */ = {isa = PBXBuildFile; fileRef = 1101FC8B2C67D6C30021C07E /* DetailView.swift */; };
		119B1B142C692DA800AF1A9A /* CustomSlider.swift in Sources */ = {isa = PBXBuildFile; fileRef = 119B1B132C692DA800AF1A9A /* CustomSlider.swift */; };
		119B1B162C695A5D00AF1A9A /* CustomStepper.swift in Sources */ = {isa = PBXBuildFile; fileRef = 119B1B152C695A5D00AF1A9A /* CustomStepper.swift */; };
		119B1B182C695CC800AF1A9A /* CustomToggle.swift in Sources */ = {isa = PBXBuildFile; fileRef = 119B1B172C695CC800AF1A9A /* CustomToggle.swift */; };
		119B1B1A2C69F48200AF1A9A /* Color+Codable.swift in Sources */ = {isa = PBXBuildFile; fileRef = 119B1B192C69F48200AF1A9A /* Color+Codable.swift */; };
		119B1B1C2C6A843200AF1A9A /* StatsView.swift in Sources */ = {isa = PBXBuildFile; fileRef = 119B1B1B2C6A843200AF1A9A /* StatsView.swift */; };
		119B1B1E2C6A84EE00AF1A9A /* CardView.swift in Sources */ = {isa = PBXBuildFile; fileRef = 119B1B1D2C6A84EE00AF1A9A /* CardView.swift */; };
		11B3AAF82C67EADA00972421 /* ContentView.swift in Sources */ = {isa = PBXBuildFile; fileRef = 11B3AAF72C67EADA00972421 /* ContentView.swift */; };
		11C205202C67E5050035CB35 /* Habit.swift in Sources */ = {isa = PBXBuildFile; fileRef = 11C2051F2C67E5050035CB35 /* Habit.swift */; };
		11C205222C67E50F0035CB35 /* Tab.swift in Sources */ = {isa = PBXBuildFile; fileRef = 11C205212C67E50F0035CB35 /* Tab.swift */; };
		11C205262C67E51E0035CB35 /* Day.swift in Sources */ = {isa = PBXBuildFile; fileRef = 11C205252C67E51E0035CB35 /* Day.swift */; };
		11C205282C67E5240035CB35 /* User.swift in Sources */ = {isa = PBXBuildFile; fileRef = 11C205272C67E5240035CB35 /* User.swift */; };
		11C3C0AC2C59451700935EE6 /* Habit_TrackerApp.swift in Sources */ = {isa = PBXBuildFile; fileRef = 11C3C0AB2C59451700935EE6 /* Habit_TrackerApp.swift */; };
		11C3C0AE2C59451700935EE6 /* HabitView.swift in Sources */ = {isa = PBXBuildFile; fileRef = 11C3C0AD2C59451700935EE6 /* HabitView.swift */; };
		11C3C0B02C59451900935EE6 /* Assets.xcassets in Resources */ = {isa = PBXBuildFile; fileRef = 11C3C0AF2C59451900935EE6 /* Assets.xcassets */; };
		11C3C0B32C59451900935EE6 /* Preview Assets.xcassets in Resources */ = {isa = PBXBuildFile; fileRef = 11C3C0B22C59451900935EE6 /* Preview Assets.xcassets */; };
		11C3C0BA2C59544000935EE6 /* AddHabitView.swift in Sources */ = {isa = PBXBuildFile; fileRef = 11C3C0B92C59544000935EE6 /* AddHabitView.swift */; };
/* End PBXBuildFile section */

/* Begin PBXFileReference section */
		1101FC7D2C6279BE0021C07E /* Symbols.swift */ = {isa = PBXFileReference; lastKnownFileType = sourcecode.swift; path = Symbols.swift; sourceTree = "<group>"; };
		1101FC7F2C639F230021C07E /* symbols.txt */ = {isa = PBXFileReference; lastKnownFileType = text; path = symbols.txt; sourceTree = "<group>"; };
		1101FC872C63D7820021C07E /* CalendarDayView.swift */ = {isa = PBXFileReference; lastKnownFileType = sourcecode.swift; path = CalendarDayView.swift; sourceTree = "<group>"; };
		1101FC892C63D89E0021C07E /* CalendarView.swift */ = {isa = PBXFileReference; lastKnownFileType = sourcecode.swift; path = CalendarView.swift; sourceTree = "<group>"; };
		1101FC8B2C67D6C30021C07E /* DetailView.swift */ = {isa = PBXFileReference; lastKnownFileType = sourcecode.swift; path = DetailView.swift; sourceTree = "<group>"; };
		119B1B132C692DA800AF1A9A /* CustomSlider.swift */ = {isa = PBXFileReference; lastKnownFileType = sourcecode.swift; path = CustomSlider.swift; sourceTree = "<group>"; };
		119B1B152C695A5D00AF1A9A /* CustomStepper.swift */ = {isa = PBXFileReference; lastKnownFileType = sourcecode.swift; path = CustomStepper.swift; sourceTree = "<group>"; };
		119B1B172C695CC800AF1A9A /* CustomToggle.swift */ = {isa = PBXFileReference; lastKnownFileType = sourcecode.swift; path = CustomToggle.swift; sourceTree = "<group>"; };
		119B1B192C69F48200AF1A9A /* Color+Codable.swift */ = {isa = PBXFileReference; lastKnownFileType = sourcecode.swift; path = "Color+Codable.swift"; sourceTree = "<group>"; };
		119B1B1B2C6A843200AF1A9A /* StatsView.swift */ = {isa = PBXFileReference; lastKnownFileType = sourcecode.swift; path = StatsView.swift; sourceTree = "<group>"; };
		119B1B1D2C6A84EE00AF1A9A /* CardView.swift */ = {isa = PBXFileReference; lastKnownFileType = sourcecode.swift; path = CardView.swift; sourceTree = "<group>"; };
		11B3AAF72C67EADA00972421 /* ContentView.swift */ = {isa = PBXFileReference; lastKnownFileType = sourcecode.swift; path = ContentView.swift; sourceTree = "<group>"; };
		11C2051F2C67E5050035CB35 /* Habit.swift */ = {isa = PBXFileReference; lastKnownFileType = sourcecode.swift; path = Habit.swift; sourceTree = "<group>"; };
		11C205212C67E50F0035CB35 /* Tab.swift */ = {isa = PBXFileReference; lastKnownFileType = sourcecode.swift; path = Tab.swift; sourceTree = "<group>"; };
		11C205252C67E51E0035CB35 /* Day.swift */ = {isa = PBXFileReference; lastKnownFileType = sourcecode.swift; path = Day.swift; sourceTree = "<group>"; };
		11C205272C67E5240035CB35 /* User.swift */ = {isa = PBXFileReference; lastKnownFileType = sourcecode.swift; path = User.swift; sourceTree = "<group>"; };
		11C3C0A82C59451700935EE6 /* Habit Tracker.app */ = {isa = PBXFileReference; explicitFileType = wrapper.application; includeInIndex = 0; path = "Habit Tracker.app"; sourceTree = BUILT_PRODUCTS_DIR; };
		11C3C0AB2C59451700935EE6 /* Habit_TrackerApp.swift */ = {isa = PBXFileReference; lastKnownFileType = sourcecode.swift; path = Habit_TrackerApp.swift; sourceTree = "<group>"; };
		11C3C0AD2C59451700935EE6 /* HabitView.swift */ = {isa = PBXFileReference; lastKnownFileType = sourcecode.swift; path = HabitView.swift; sourceTree = "<group>"; };
		11C3C0AF2C59451900935EE6 /* Assets.xcassets */ = {isa = PBXFileReference; lastKnownFileType = folder.assetcatalog; path = Assets.xcassets; sourceTree = "<group>"; };
		11C3C0B22C59451900935EE6 /* Preview Assets.xcassets */ = {isa = PBXFileReference; lastKnownFileType = folder.assetcatalog; path = "Preview Assets.xcassets"; sourceTree = "<group>"; };
		11C3C0B92C59544000935EE6 /* AddHabitView.swift */ = {isa = PBXFileReference; lastKnownFileType = sourcecode.swift; path = AddHabitView.swift; sourceTree = "<group>"; };
/* End PBXFileReference section */

/* Begin PBXFrameworksBuildPhase section */
		11C3C0A52C59451700935EE6 /* Frameworks */ = {
			isa = PBXFrameworksBuildPhase;
			buildActionMask = 2147483647;
			files = (
			);
			runOnlyForDeploymentPostprocessing = 0;
		};
/* End PBXFrameworksBuildPhase section */

/* Begin PBXGroup section */
		1101FC852C63D75E0021C07E /* Calendar */ = {
			isa = PBXGroup;
			children = (
				1101FC872C63D7820021C07E /* CalendarDayView.swift */,
				1101FC892C63D89E0021C07E /* CalendarView.swift */,
				1101FC8B2C67D6C30021C07E /* DetailView.swift */,
			);
			path = Calendar;
			sourceTree = "<group>";
		};
		115FA1982C73A07A0021C7DD /* Habit */ = {
			isa = PBXGroup;
			children = (
				11C3C0AD2C59451700935EE6 /* HabitView.swift */,
				119B1B132C692DA800AF1A9A /* CustomSlider.swift */,
				119B1B152C695A5D00AF1A9A /* CustomStepper.swift */,
				119B1B172C695CC800AF1A9A /* CustomToggle.swift */,
				11C3C0B92C59544000935EE6 /* AddHabitView.swift */,
			);
			path = Habit;
			sourceTree = "<group>";
		};
		115FA1992C73A0960021C7DD /* Stats */ = {
			isa = PBXGroup;
			children = (
				119B1B1B2C6A843200AF1A9A /* StatsView.swift */,
				119B1B1D2C6A84EE00AF1A9A /* CardView.swift */,
			);
			path = Stats;
			sourceTree = "<group>";
		};
		11C3C09F2C59451700935EE6 = {
			isa = PBXGroup;
			children = (
				11C3C0AA2C59451700935EE6 /* Habit Tracker */,
				11C3C0A92C59451700935EE6 /* Products */,
			);
			sourceTree = "<group>";
		};
		11C3C0A92C59451700935EE6 /* Products */ = {
			isa = PBXGroup;
			children = (
				11C3C0A82C59451700935EE6 /* Habit Tracker.app */,
			);
			name = Products;
			sourceTree = "<group>";
		};
		11C3C0AA2C59451700935EE6 /* Habit Tracker */ = {
			isa = PBXGroup;
			children = (
				11C3C0AB2C59451700935EE6 /* Habit_TrackerApp.swift */,
				115FA1982C73A07A0021C7DD /* Habit */,
				119B1B192C69F48200AF1A9A /* Color+Codable.swift */,
				11B3AAF72C67EADA00972421 /* ContentView.swift */,
				115FA1992C73A0960021C7DD /* Stats */,
				11C205272C67E5240035CB35 /* User.swift */,
				11C205252C67E51E0035CB35 /* Day.swift */,
				11C205212C67E50F0035CB35 /* Tab.swift */,
				11C2051F2C67E5050035CB35 /* Habit.swift */,
				1101FC852C63D75E0021C07E /* Calendar */,
				1101FC7D2C6279BE0021C07E /* Symbols.swift */,
				1101FC7F2C639F230021C07E /* symbols.txt */,
				11C3C0AF2C59451900935EE6 /* Assets.xcassets */,
				11C3C0B12C59451900935EE6 /* Preview Content */,
			);
			path = "Habit Tracker";
			sourceTree = "<group>";
		};
		11C3C0B12C59451900935EE6 /* Preview Content */ = {
			isa = PBXGroup;
			children = (
				11C3C0B22C59451900935EE6 /* Preview Assets.xcassets */,
			);
			path = "Preview Content";
			sourceTree = "<group>";
		};
/* End PBXGroup section */

/* Begin PBXNativeTarget section */
		11C3C0A72C59451700935EE6 /* Habit Tracker */ = {
			isa = PBXNativeTarget;
			buildConfigurationList = 11C3C0B62C59451900935EE6 /* Build configuration list for PBXNativeTarget "Habit Tracker" */;
			buildPhases = (
				11C3C0A42C59451700935EE6 /* Sources */,
				11C3C0A52C59451700935EE6 /* Frameworks */,
				11C3C0A62C59451700935EE6 /* Resources */,
			);
			buildRules = (
			);
			dependencies = (
			);
			name = "Habit Tracker";
			productName = "Habit Tracker";
			productReference = 11C3C0A82C59451700935EE6 /* Habit Tracker.app */;
			productType = "com.apple.product-type.application";
		};
/* End PBXNativeTarget section */

/* Begin PBXProject section */
		11C3C0A02C59451700935EE6 /* Project object */ = {
			isa = PBXProject;
			attributes = {
				BuildIndependentTargetsInParallel = 1;
				LastSwiftUpdateCheck = 1600;
				LastUpgradeCheck = 1600;
				TargetAttributes = {
					11C3C0A72C59451700935EE6 = {
						CreatedOnToolsVersion = 16.0;
					};
				};
			};
			buildConfigurationList = 11C3C0A32C59451700935EE6 /* Build configuration list for PBXProject "Habit Tracker" */;
			compatibilityVersion = "Xcode 15.0";
			developmentRegion = en;
			hasScannedForEncodings = 0;
			knownRegions = (
				en,
				Base,
			);
			mainGroup = 11C3C09F2C59451700935EE6;
			productRefGroup = 11C3C0A92C59451700935EE6 /* Products */;
			projectDirPath = "";
			projectRoot = "";
			targets = (
				11C3C0A72C59451700935EE6 /* Habit Tracker */,
			);
		};
/* End PBXProject section */

/* Begin PBXResourcesBuildPhase section */
		11C3C0A62C59451700935EE6 /* Resources */ = {
			isa = PBXResourcesBuildPhase;
			buildActionMask = 2147483647;
			files = (
				11C3C0B32C59451900935EE6 /* Preview Assets.xcassets in Resources */,
				11C3C0B02C59451900935EE6 /* Assets.xcassets in Resources */,
				1101FC802C639F230021C07E /* symbols.txt in Resources */,
			);
			runOnlyForDeploymentPostprocessing = 0;
		};
/* End PBXResourcesBuildPhase section */

/* Begin PBXSourcesBuildPhase section */
		11C3C0A42C59451700935EE6 /* Sources */ = {
			isa = PBXSourcesBuildPhase;
			buildActionMask = 2147483647;
			files = (
				11C3C0AE2C59451700935EE6 /* HabitView.swift in Sources */,
				119B1B142C692DA800AF1A9A /* CustomSlider.swift in Sources */,
				119B1B1A2C69F48200AF1A9A /* Color+Codable.swift in Sources */,
				11C3C0AC2C59451700935EE6 /* Habit_TrackerApp.swift in Sources */,
				1101FC8A2C63D89E0021C07E /* CalendarView.swift in Sources */,
				1101FC8C2C67D6C30021C07E /* DetailView.swift in Sources */,
				119B1B162C695A5D00AF1A9A /* CustomStepper.swift in Sources */,
				119B1B1E2C6A84EE00AF1A9A /* CardView.swift in Sources */,
				11C205262C67E51E0035CB35 /* Day.swift in Sources */,
				119B1B1C2C6A843200AF1A9A /* StatsView.swift in Sources */,
				11C3C0BA2C59544000935EE6 /* AddHabitView.swift in Sources */,
				1101FC7E2C6279BE0021C07E /* Symbols.swift in Sources */,
				119B1B182C695CC800AF1A9A /* CustomToggle.swift in Sources */,
				11C205282C67E5240035CB35 /* User.swift in Sources */,
				11C205222C67E50F0035CB35 /* Tab.swift in Sources */,
				11B3AAF82C67EADA00972421 /* ContentView.swift in Sources */,
				11C205202C67E5050035CB35 /* Habit.swift in Sources */,
				1101FC882C63D7820021C07E /* CalendarDayView.swift in Sources */,
			);
			runOnlyForDeploymentPostprocessing = 0;
		};
/* End PBXSourcesBuildPhase section */

/* Begin XCBuildConfiguration section */
		11C3C0B42C59451900935EE6 /* Debug */ = {
			isa = XCBuildConfiguration;
			buildSettings = {
				ALWAYS_SEARCH_USER_PATHS = NO;
				ASSETCATALOG_COMPILER_GENERATE_SWIFT_ASSET_SYMBOL_EXTENSIONS = YES;
				CLANG_ANALYZER_NONNULL = YES;
				CLANG_ANALYZER_NUMBER_OBJECT_CONVERSION = YES_AGGRESSIVE;
				CLANG_CXX_LANGUAGE_STANDARD = "gnu++20";
				CLANG_ENABLE_MODULES = YES;
				CLANG_ENABLE_OBJC_ARC = YES;
				CLANG_ENABLE_OBJC_WEAK = YES;
				CLANG_WARN_BLOCK_CAPTURE_AUTORELEASING = YES;
				CLANG_WARN_BOOL_CONVERSION = YES;
				CLANG_WARN_COMMA = YES;
				CLANG_WARN_CONSTANT_CONVERSION = YES;
				CLANG_WARN_DEPRECATED_OBJC_IMPLEMENTATIONS = YES;
				CLANG_WARN_DIRECT_OBJC_ISA_USAGE = YES_ERROR;
				CLANG_WARN_DOCUMENTATION_COMMENTS = YES;
				CLANG_WARN_EMPTY_BODY = YES;
				CLANG_WARN_ENUM_CONVERSION = YES;
				CLANG_WARN_INFINITE_RECURSION = YES;
				CLANG_WARN_INT_CONVERSION = YES;
				CLANG_WARN_NON_LITERAL_NULL_CONVERSION = YES;
				CLANG_WARN_OBJC_IMPLICIT_RETAIN_SELF = YES;
				CLANG_WARN_OBJC_LITERAL_CONVERSION = YES;
				CLANG_WARN_OBJC_ROOT_CLASS = YES_ERROR;
				CLANG_WARN_QUOTED_INCLUDE_IN_FRAMEWORK_HEADER = YES;
				CLANG_WARN_RANGE_LOOP_ANALYSIS = YES;
				CLANG_WARN_STRICT_PROTOTYPES = YES;
				CLANG_WARN_SUSPICIOUS_MOVE = YES;
				CLANG_WARN_UNGUARDED_AVAILABILITY = YES_AGGRESSIVE;
				CLANG_WARN_UNREACHABLE_CODE = YES;
				CLANG_WARN__DUPLICATE_METHOD_MATCH = YES;
				COPY_PHASE_STRIP = NO;
				DEBUG_INFORMATION_FORMAT = dwarf;
				ENABLE_STRICT_OBJC_MSGSEND = YES;
				ENABLE_TESTABILITY = YES;
				ENABLE_USER_SCRIPT_SANDBOXING = YES;
				GCC_C_LANGUAGE_STANDARD = gnu17;
				GCC_DYNAMIC_NO_PIC = NO;
				GCC_NO_COMMON_BLOCKS = YES;
				GCC_OPTIMIZATION_LEVEL = 0;
				GCC_PREPROCESSOR_DEFINITIONS = (
					"DEBUG=1",
					"$(inherited)",
				);
				GCC_WARN_64_TO_32_BIT_CONVERSION = YES;
				GCC_WARN_ABOUT_RETURN_TYPE = YES_ERROR;
				GCC_WARN_UNDECLARED_SELECTOR = YES;
				GCC_WARN_UNINITIALIZED_AUTOS = YES_AGGRESSIVE;
				GCC_WARN_UNUSED_FUNCTION = YES;
				GCC_WARN_UNUSED_VARIABLE = YES;
				IPHONEOS_DEPLOYMENT_TARGET = 18.0;
				LOCALIZATION_PREFERS_STRING_CATALOGS = YES;
				MTL_ENABLE_DEBUG_INFO = INCLUDE_SOURCE;
				MTL_FAST_MATH = YES;
				ONLY_ACTIVE_ARCH = YES;
				SDKROOT = iphoneos;
				SWIFT_ACTIVE_COMPILATION_CONDITIONS = "DEBUG $(inherited)";
				SWIFT_OPTIMIZATION_LEVEL = "-Onone";
			};
			name = Debug;
		};
		11C3C0B52C59451900935EE6 /* Release */ = {
			isa = XCBuildConfiguration;
			buildSettings = {
				ALWAYS_SEARCH_USER_PATHS = NO;
				ASSETCATALOG_COMPILER_GENERATE_SWIFT_ASSET_SYMBOL_EXTENSIONS = YES;
				CLANG_ANALYZER_NONNULL = YES;
				CLANG_ANALYZER_NUMBER_OBJECT_CONVERSION = YES_AGGRESSIVE;
				CLANG_CXX_LANGUAGE_STANDARD = "gnu++20";
				CLANG_ENABLE_MODULES = YES;
				CLANG_ENABLE_OBJC_ARC = YES;
				CLANG_ENABLE_OBJC_WEAK = YES;
				CLANG_WARN_BLOCK_CAPTURE_AUTORELEASING = YES;
				CLANG_WARN_BOOL_CONVERSION = YES;
				CLANG_WARN_COMMA = YES;
				CLANG_WARN_CONSTANT_CONVERSION = YES;
				CLANG_WARN_DEPRECATED_OBJC_IMPLEMENTATIONS = YES;
				CLANG_WARN_DIRECT_OBJC_ISA_USAGE = YES_ERROR;
				CLANG_WARN_DOCUMENTATION_COMMENTS = YES;
				CLANG_WARN_EMPTY_BODY = YES;
				CLANG_WARN_ENUM_CONVERSION = YES;
				CLANG_WARN_INFINITE_RECURSION = YES;
				CLANG_WARN_INT_CONVERSION = YES;
				CLANG_WARN_NON_LITERAL_NULL_CONVERSION = YES;
				CLANG_WARN_OBJC_IMPLICIT_RETAIN_SELF = YES;
				CLANG_WARN_OBJC_LITERAL_CONVERSION = YES;
				CLANG_WARN_OBJC_ROOT_CLASS = YES_ERROR;
				CLANG_WARN_QUOTED_INCLUDE_IN_FRAMEWORK_HEADER = YES;
				CLANG_WARN_RANGE_LOOP_ANALYSIS = YES;
				CLANG_WARN_STRICT_PROTOTYPES = YES;
				CLANG_WARN_SUSPICIOUS_MOVE = YES;
				CLANG_WARN_UNGUARDED_AVAILABILITY = YES_AGGRESSIVE;
				CLANG_WARN_UNREACHABLE_CODE = YES;
				CLANG_WARN__DUPLICATE_METHOD_MATCH = YES;
				COPY_PHASE_STRIP = NO;
				DEBUG_INFORMATION_FORMAT = "dwarf-with-dsym";
				ENABLE_NS_ASSERTIONS = NO;
				ENABLE_STRICT_OBJC_MSGSEND = YES;
				ENABLE_USER_SCRIPT_SANDBOXING = YES;
				GCC_C_LANGUAGE_STANDARD = gnu17;
				GCC_NO_COMMON_BLOCKS = YES;
				GCC_WARN_64_TO_32_BIT_CONVERSION = YES;
				GCC_WARN_ABOUT_RETURN_TYPE = YES_ERROR;
				GCC_WARN_UNDECLARED_SELECTOR = YES;
				GCC_WARN_UNINITIALIZED_AUTOS = YES_AGGRESSIVE;
				GCC_WARN_UNUSED_FUNCTION = YES;
				GCC_WARN_UNUSED_VARIABLE = YES;
				IPHONEOS_DEPLOYMENT_TARGET = 18.0;
				LOCALIZATION_PREFERS_STRING_CATALOGS = YES;
				MTL_ENABLE_DEBUG_INFO = NO;
				MTL_FAST_MATH = YES;
				SDKROOT = iphoneos;
				SWIFT_COMPILATION_MODE = wholemodule;
				VALIDATE_PRODUCT = YES;
			};
			name = Release;
		};
		11C3C0B72C59451900935EE6 /* Debug */ = {
			isa = XCBuildConfiguration;
			buildSettings = {
				ASSETCATALOG_COMPILER_APPICON_NAME = AppIcon;
				ASSETCATALOG_COMPILER_GLOBAL_ACCENT_COLOR_NAME = AccentColor;
				CODE_SIGN_STYLE = Automatic;
				CURRENT_PROJECT_VERSION = 1;
				DEVELOPMENT_ASSET_PATHS = "\"Habit Tracker/Preview Content\"";
				DEVELOPMENT_TEAM = T6PF4S9ABL;
				ENABLE_PREVIEWS = YES;
				GENERATE_INFOPLIST_FILE = YES;
				INFOPLIST_KEY_UIApplicationSceneManifest_Generation = YES;
				INFOPLIST_KEY_UIApplicationSupportsIndirectInputEvents = YES;
				INFOPLIST_KEY_UILaunchScreen_Generation = YES;
				INFOPLIST_KEY_UISupportedInterfaceOrientations_iPad = "UIInterfaceOrientationPortrait UIInterfaceOrientationPortraitUpsideDown UIInterfaceOrientationLandscapeLeft UIInterfaceOrientationLandscapeRight";
				INFOPLIST_KEY_UISupportedInterfaceOrientations_iPhone = "UIInterfaceOrientationPortrait UIInterfaceOrientationLandscapeLeft UIInterfaceOrientationLandscapeRight";
				IPHONEOS_DEPLOYMENT_TARGET = 17.0;
				LD_RUNPATH_SEARCH_PATHS = (
					"$(inherited)",
					"@executable_path/Frameworks",
				);
				MARKETING_VERSION = 1.0;
				PRODUCT_BUNDLE_IDENTIFIER = "com.tgiraudo.Habit-Tracker";
				PRODUCT_NAME = "$(TARGET_NAME)";
				SWIFT_EMIT_LOC_STRINGS = YES;
				SWIFT_VERSION = 5.0;
				TARGETED_DEVICE_FAMILY = "1,2";
			};
			name = Debug;
		};
		11C3C0B82C59451900935EE6 /* Release */ = {
			isa = XCBuildConfiguration;
			buildSettings = {
				ASSETCATALOG_COMPILER_APPICON_NAME = AppIcon;
				ASSETCATALOG_COMPILER_GLOBAL_ACCENT_COLOR_NAME = AccentColor;
				CODE_SIGN_STYLE = Automatic;
				CURRENT_PROJECT_VERSION = 1;
				DEVELOPMENT_ASSET_PATHS = "\"Habit Tracker/Preview Content\"";
				DEVELOPMENT_TEAM = T6PF4S9ABL;
				ENABLE_PREVIEWS = YES;
				GENERATE_INFOPLIST_FILE = YES;
				INFOPLIST_KEY_UIApplicationSceneManifest_Generation = YES;
				INFOPLIST_KEY_UIApplicationSupportsIndirectInputEvents = YES;
				INFOPLIST_KEY_UILaunchScreen_Generation = YES;
				INFOPLIST_KEY_UISupportedInterfaceOrientations_iPad = "UIInterfaceOrientationPortrait UIInterfaceOrientationPortraitUpsideDown UIInterfaceOrientationLandscapeLeft UIInterfaceOrientationLandscapeRight";
				INFOPLIST_KEY_UISupportedInterfaceOrientations_iPhone = "UIInterfaceOrientationPortrait UIInterfaceOrientationLandscapeLeft UIInterfaceOrientationLandscapeRight";
				IPHONEOS_DEPLOYMENT_TARGET = 17.0;
				LD_RUNPATH_SEARCH_PATHS = (
					"$(inherited)",
					"@executable_path/Frameworks",
				);
				MARKETING_VERSION = 1.0;
				PRODUCT_BUNDLE_IDENTIFIER = "com.tgiraudo.Habit-Tracker";
				PRODUCT_NAME = "$(TARGET_NAME)";
				SWIFT_EMIT_LOC_STRINGS = YES;
				SWIFT_VERSION = 5.0;
				TARGETED_DEVICE_FAMILY = "1,2";
			};
			name = Release;
		};
/* End XCBuildConfiguration section */

/* Begin XCConfigurationList section */
		11C3C0A32C59451700935EE6 /* Build configuration list for PBXProject "Habit Tracker" */ = {
			isa = XCConfigurationList;
			buildConfigurations = (
				11C3C0B42C59451900935EE6 /* Debug */,
				11C3C0B52C59451900935EE6 /* Release */,
			);
			defaultConfigurationIsVisible = 0;
			defaultConfigurationName = Release;
		};
		11C3C0B62C59451900935EE6 /* Build configuration list for PBXNativeTarget "Habit Tracker" */ = {
			isa = XCConfigurationList;
			buildConfigurations = (
				11C3C0B72C59451900935EE6 /* Debug */,
				11C3C0B82C59451900935EE6 /* Release */,
			);
			defaultConfigurationIsVisible = 0;
			defaultConfigurationName = Release;
		};
/* End XCConfigurationList section */
	};
	rootObject = 11C3C0A02C59451700935EE6 /* Project object */;
}
